
Microsoft Visual Studio Solution File, Format Version 12.00
# Visual Studio 15
VisualStudioVersion = 15.0.28307.168
MinimumVisualStudioVersion = 10.0.40219.1
Project("{9A19103F-16F7-4668-BE54-9A1E7A4F7556}") = "Client", "Client\Client.csproj", "{1D5FBD15-5CB3-4689-B6B7-24F8C3022507}"
EndProject
Project("{9A19103F-16F7-4668-BE54-9A1E7A4F7556}") = "Api", "Api\Api.csproj", "{BDCF8A2D-206C-4960-8198-5DC868B57881}"
EndProject
Project("{E53339B2-1760-4266-BCC7-CA923CBCF16C}") = "docker-compose", "docker-compose.dcproj", "{3F03047A-E843-47BF-9F28-6627FC64A816}"
EndProject
Global
	GlobalSection(SolutionConfigurationPlatforms) = preSolution
		Debug|Any CPU = Debug|Any CPU
		Release|Any CPU = Release|Any CPU
	EndGlobalSection
	GlobalSection(ProjectConfigurationPlatforms) = postSolution
		{1D5FBD15-5CB3-4689-B6B7-24F8C3022507}.Debug|Any CPU.ActiveCfg = Debug|Any CPU
		{1D5FBD15-5CB3-4689-B6B7-24F8C3022507}.Debug|Any CPU.Build.0 = Debug|Any CPU
		{1D5FBD15-5CB3-4689-B6B7-24F8C3022507}.Release|Any CPU.ActiveCfg = Release|Any CPU
		{1D5FBD15-5CB3-4689-B6B7-24F8C3022507}.Release|Any CPU.Build.0 = Release|Any CPU
		{BDCF8A2D-206C-4960-8198-5DC868B57881}.Debug|Any CPU.ActiveCfg = Debug|Any CPU
		{BDCF8A2D-206C-4960-8198-5DC868B57881}.Debug|Any CPU.Build.0 = Debug|Any CPU
		{BDCF8A2D-206C-4960-8198-5DC868B57881}.Release|Any CPU.ActiveCfg = Release|Any CPU
		{BDCF8A2D-206C-4960-8198-5DC868B57881}.Release|Any CPU.Build.0 = Release|Any CPU
		{3F03047A-E843-47BF-9F28-6627FC64A816}.Debug|Any CPU.ActiveCfg = Debug|Any CPU
		{3F03047A-E843-47BF-9F28-6627FC64A816}.Debug|Any CPU.Build.0 = Debug|Any CPU
		{3F03047A-E843-47BF-9F28-6627FC64A816}.Release|Any CPU.ActiveCfg = Release|Any CPU
		{3F03047A-E843-47BF-9F28-6627FC64A816}.Release|Any CPU.Build.0 = Release|Any CPU
	EndGlobalSection
	GlobalSection(SolutionProperties) = preSolution
		HideSolutionNode = FALSE
	EndGlobalSection
	GlobalSection(ExtensibilityGlobals) = postSolution
		SolutionGuid = {60EEDCD2-AC41-4B14-9BAD-58465D74EAD9}
	EndGlobalSection
EndGlobal
